
Microsoft Visual Studio Solution File, Format Version 12.00
# Visual Studio Version 17
VisualStudioVersion = 17.7.34221.43
MinimumVisualStudioVersion = 10.0.40219.1
Project("{FAE04EC0-301F-11D3-BF4B-00C04F79EFBC}") = "telescoape-manager", "telescoape-manager\telescoape-manager.csproj", "{98441DE4-B288-4412-AAE5-6844D42578D6}"
EndProject
Global
	GlobalSection(SolutionConfigurationPlatforms) = preSolution
		Debug|Any CPU = Debug|Any CPU
		Release|Any CPU = Release|Any CPU
	EndGlobalSection
	GlobalSection(ProjectConfigurationPlatforms) = postSolution
		{98441DE4-B288-4412-AAE5-6844D42578D6}.Debug|Any CPU.ActiveCfg = Debug|Any CPU
		{98441DE4-B288-4412-AAE5-6844D42578D6}.Debug|Any CPU.Build.0 = Debug|Any CPU
		{98441DE4-B288-4412-AAE5-6844D42578D6}.Release|Any CPU.ActiveCfg = Release|Any CPU
		{98441DE4-B288-4412-AAE5-6844D42578D6}.Release|Any CPU.Build.0 = Release|Any CPU
	EndGlobalSection
	GlobalSection(SolutionProperties) = preSolution
		HideSolutionNode = FALSE
	EndGlobalSection
	GlobalSection(ExtensibilityGlobals) = postSolution
		SolutionGuid = {C07D6728-342E-4C3F-9FEB-57C7A519A6D1}
	EndGlobalSection
EndGlobal
